{
  "name": "wait-for-healthy-container-action",
  "version": "1.0.0",
  "lockfileVersion": 1,
  "requires": true,
  "dependencies": {
    "@actions/core": {
      "version": "1.2.4",
      "resolved": "https://registry.npmjs.org/@actions/core/-/core-1.2.4.tgz",
      "integrity": "sha512-YJCEq8BE3CdN8+7HPZ/4DxJjk/OkZV2FFIf+DlZTC/4iBlzYCD5yjRR6eiOS5llO11zbRltIRuKAjMKaWTE6cg=="
    },
    "log": {
      "version": "1.4.0",
      "resolved": "https://registry.npmjs.org/log/-/log-1.4.0.tgz",
      "integrity": "sha1-S6HYkP3iSbAx3KA7w36q8yVlbxw="
    },
    "nan": {
      "version": "2.14.1",
      "resolved": "https://registry.npmjs.org/nan/-/nan-2.14.1.tgz",
      "integrity": "sha512-isWHgVjnFjh2x2yuJ/tj3JbwoHu3UC2dX5G/88Cm24yB6YopVgxvBObDY7n5xW6ExmFhJpSEQqFPvq9zaXc8Jw=="
    },
    "performance": {
      "version": "1.4.0",
      "resolved": "https://registry.npmjs.org/performance/-/performance-1.4.0.tgz",
      "integrity": "sha512-0e98N5lSIe7Nuts/4MW/6D1q+c5qT74yEv/t/TneeFeGl5wgoaiDzQPSvNL/Qe5vFFRvQsqHCrv83Y4GB33Xnw==",
      "requires": {
        "stdio": "*",
        "testing": "*"
      }
    },
    "sleep": {
      "version": "6.3.0",
      "resolved": "https://registry.npmjs.org/sleep/-/sleep-6.3.0.tgz",
      "integrity": "sha512-+WgYl951qdUlb1iS97UvQ01pkauoBK9ML9I/CMPg41v0Ze4EyMlTgFTDDo32iYj98IYqxIjDMRd+L71lawFfpQ==",
      "requires": {
        "nan": "^2.14.1"
      }
    },
    "stdio": {
      "version": "2.1.1",
      "resolved": "https://registry.npmjs.org/stdio/-/stdio-2.1.1.tgz",
      "integrity": "sha512-ZHO7SD10nZnc2pMN85MPPTCKutXPKH+7Z50B7zt/JRNAHXLbI3BidMc9HFD/j2VupZ8lQdSVJB0ebZSVXC6uXw=="
    },
    "testing": {
      "version": "2.0.1",
      "resolved": "https://registry.npmjs.org/testing/-/testing-2.0.1.tgz",
      "integrity": "sha512-2zQ08tZ0fm7ziEsST6DIzIear/sz7AntmxlGsBm+1OPY1ymVzc9HGcLqLuJhwON1npQW/M2eRsukPliSSma+1Q==",
      "requires": {
        "log": "1.4.0"
      }
    }
  }
}
